<?xml version="1.0" encoding="utf-8"?>
<Project ToolsVersion="4.0" xmlns="http://schemas.microsoft.com/developer/msbuild/2003">
  <ItemGroup>
    <Filter Include="Core">
      <UniqueIdentifier>{cb944693-b9d0-484c-bad2-02d5a7cdbec6}</UniqueIdentifier>
    </Filter>
    <Filter Include="Utilities">
      <UniqueIdentifier>{a8bfab6a-5472-4969-943e-861a8b493f08}</UniqueIdentifier>
    </Filter>
    <Filter Include="Utilities\Tools">
      <UniqueIdentifier>{c7a1a7b4-76d6-43ab-9674-37db9359b093}</UniqueIdentifier>
    </Filter>
    <Filter Include="Core\Modules">
      <UniqueIdentifier>{387e49b0-4fd7-45ab-83f7-33acd8e7ab85}</UniqueIdentifier>
    </Filter>
    <Filter Include="Core\Scenes">
      <UniqueIdentifier>{26109e64-80c0-4ee2-827e-1e9e22c6c347}</UniqueIdentifier>
    </Filter>
    <Filter Include="Utilities\Helpers">
      <UniqueIdentifier>{709cc3d6-123e-49d7-8b14-988692c7e061}</UniqueIdentifier>
    </Filter>
    <Filter Include="Utilities\3rd Party">
      <UniqueIdentifier>{5fdd961e-b385-40a5-9633-fa0554bdb6fc}</UniqueIdentifier>
    </Filter>
    <Filter Include="Utilities\3rd Party\MathGeoLib">
      <UniqueIdentifier>{03e0d0f1-6966-44f6-a252-53ee1d9b7722}</UniqueIdentifier>
    </Filter>
    <Filter Include="Utilities\3rd Party\MathGeoLib\src">
      <UniqueIdentifier>{a39a340e-9557-4adc-b781-f19d06ecdeec}</UniqueIdentifier>
    </Filter>
    <Filter Include="Utilities\3rd Party\ImGui">
      <UniqueIdentifier>{931477d6-91b7-4acd-a9a1-168702a5a13a}</UniqueIdentifier>
    </Filter>
    <Filter Include="Utilities\3rd Party\PCG">
      <UniqueIdentifier>{a6711847-3719-4428-816a-1dacb375a5a1}</UniqueIdentifier>
    </Filter>
    <Filter Include="Core\Editor">
      <UniqueIdentifier>{94ec3c63-599e-4865-a18e-719dca9cc99f}</UniqueIdentifier>
    </Filter>
    <Filter Include="Utilities\3rd Party\mmgr">
      <UniqueIdentifier>{a8dba504-30a2-4dc5-b1e6-511df3a67900}</UniqueIdentifier>
    </Filter>
    <Filter Include="Utilities\3rd Party\Parson">
      <UniqueIdentifier>{0a60f577-701c-4f13-ad63-4bce7cbbf830}</UniqueIdentifier>
    </Filter>
    <Filter Include="Utilities\3rd Party\Glew">
      <UniqueIdentifier>{d8ed328a-1a19-4379-88f8-fd115aef4025}</UniqueIdentifier>
    </Filter>
    <Filter Include="Utilities\Primitives">
      <UniqueIdentifier>{c162c539-8b98-4e01-b680-d2ff8df8fc21}</UniqueIdentifier>
    </Filter>
    <Filter Include="Utilities\3rd Party\Assimp">
      <UniqueIdentifier>{22d4c68c-4e76-47e4-95ce-68b505fb452f}</UniqueIdentifier>
    </Filter>
    <Filter Include="Utilities\3rd Party\TO_DELETE_GLMATH">
      <UniqueIdentifier>{9fdf4ef1-a7c5-409f-a785-5ee67e0a0d53}</UniqueIdentifier>
    </Filter>
    <Filter Include="Utilities\3rd Party\DevIL">
      <UniqueIdentifier>{5a4e4e97-8a43-4d33-b72b-598f9f3f00c1}</UniqueIdentifier>
    </Filter>
    <Filter Include="Core\Importers">
      <UniqueIdentifier>{a812b45e-66aa-4387-a9ad-1a507ba81526}</UniqueIdentifier>
    </Filter>
    <Filter Include="Core\GameObject">
      <UniqueIdentifier>{e16891a5-35de-4878-9a71-482f67d7e286}</UniqueIdentifier>
    </Filter>
    <Filter Include="Core\GameObject\Component">
      <UniqueIdentifier>{dca1fdf0-a340-4ad9-b4b9-7472d868b7f9}</UniqueIdentifier>
    </Filter>
  </ItemGroup>
  <ItemGroup>
    <ClCompile Include="trWindow.cpp">
      <Filter>Core\Modules</Filter>
    </ClCompile>
    <ClCompile Include="trInput.cpp">
      <Filter>Core\Modules</Filter>
    </ClCompile>
    <ClCompile Include="trLog.cpp">
      <Filter>Utilities</Filter>
    </ClCompile>
    <ClCompile Include="trTimer.cpp">
      <Filter>Utilities\Tools</Filter>
    </ClCompile>
    <ClCompile Include="trPerfTimer.cpp">
      <Filter>Utilities\Tools</Filter>
    </ClCompile>
    <ClCompile Include="trMain.cpp">
      <Filter>Core</Filter>
    </ClCompile>
    <ClCompile Include="trApp.cpp">
      <Filter>Core</Filter>
    </ClCompile>
    <ClCompile Include="imgui.cpp">
      <Filter>Utilities\3rd Party\ImGui</Filter>
    </ClCompile>
    <ClCompile Include="imgui_demo.cpp">
      <Filter>Utilities\3rd Party\ImGui</Filter>
    </ClCompile>
    <ClCompile Include="imgui_draw.cpp">
      <Filter>Utilities\3rd Party\ImGui</Filter>
    </ClCompile>
    <ClCompile Include="imgui_widgets.cpp">
      <Filter>Utilities\3rd Party\ImGui</Filter>
    </ClCompile>
    <ClCompile Include="trMainScene.cpp">
      <Filter>Core\Scenes</Filter>
    </ClCompile>
    <ClCompile Include="Light.cpp">
      <Filter>Utilities\Helpers</Filter>
    </ClCompile>
    <ClCompile Include="Color.cpp">
      <Filter>Utilities\Helpers</Filter>
    </ClCompile>
    <ClCompile Include="trRenderer3D.cpp">
      <Filter>Core\Modules</Filter>
    </ClCompile>
    <ClCompile Include="trCamera3D.cpp">
      <Filter>Core\Modules</Filter>
    </ClCompile>
    <ClCompile Include="imgui_impl_opengl2.cpp">
      <Filter>Utilities\3rd Party\ImGui</Filter>
    </ClCompile>
    <ClCompile Include="imgui_impl_sdl.cpp">
      <Filter>Utilities\3rd Party\ImGui</Filter>
    </ClCompile>
    <ClCompile Include="pcg\entropy.c">
      <Filter>Utilities\3rd Party\PCG</Filter>
    </ClCompile>
    <ClCompile Include="MathGeoLib\Math\BitOps.cpp">
      <Filter>Utilities\3rd Party\MathGeoLib\src</Filter>
    </ClCompile>
    <ClCompile Include="MathGeoLib\Math\Callstack.cpp">
      <Filter>Utilities\3rd Party\MathGeoLib\src</Filter>
    </ClCompile>
    <ClCompile Include="MathGeoLib\Math\float2.cpp">
      <Filter>Utilities\3rd Party\MathGeoLib\src</Filter>
    </ClCompile>
    <ClCompile Include="MathGeoLib\Math\float3.cpp">
      <Filter>Utilities\3rd Party\MathGeoLib\src</Filter>
    </ClCompile>
    <ClCompile Include="MathGeoLib\Math\float3x3.cpp">
      <Filter>Utilities\3rd Party\MathGeoLib\src</Filter>
    </ClCompile>
    <ClCompile Include="MathGeoLib\Math\float3x4.cpp">
      <Filter>Utilities\3rd Party\MathGeoLib\src</Filter>
    </ClCompile>
    <ClCompile Include="MathGeoLib\Math\float4.cpp">
      <Filter>Utilities\3rd Party\MathGeoLib\src</Filter>
    </ClCompile>
    <ClCompile Include="MathGeoLib\Math\float4d.cpp">
      <Filter>Utilities\3rd Party\MathGeoLib\src</Filter>
    </ClCompile>
    <ClCompile Include="MathGeoLib\Math\float4x4.cpp">
      <Filter>Utilities\3rd Party\MathGeoLib\src</Filter>
    </ClCompile>
    <ClCompile Include="MathGeoLib\Math\grisu3.c">
      <Filter>Utilities\3rd Party\MathGeoLib\src</Filter>
    </ClCompile>
    <ClCompile Include="MathGeoLib\Math\grisu3_cpp.cpp">
      <Filter>Utilities\3rd Party\MathGeoLib\src</Filter>
    </ClCompile>
    <ClCompile Include="MathGeoLib\Math\MathFunc.cpp">
      <Filter>Utilities\3rd Party\MathGeoLib\src</Filter>
    </ClCompile>
    <ClCompile Include="MathGeoLib\Math\MathLog.cpp">
      <Filter>Utilities\3rd Party\MathGeoLib\src</Filter>
    </ClCompile>
    <ClCompile Include="MathGeoLib\Math\MathOps.cpp">
      <Filter>Utilities\3rd Party\MathGeoLib\src</Filter>
    </ClCompile>
    <ClCompile Include="MathGeoLib\Math\MiniFloat.cpp">
      <Filter>Utilities\3rd Party\MathGeoLib\src</Filter>
    </ClCompile>
    <ClCompile Include="MathGeoLib\Math\Polynomial.cpp">
      <Filter>Utilities\3rd Party\MathGeoLib\src</Filter>
    </ClCompile>
    <ClCompile Include="MathGeoLib\Math\Quat.cpp">
      <Filter>Utilities\3rd Party\MathGeoLib\src</Filter>
    </ClCompile>
    <ClCompile Include="MathGeoLib\Math\SSEMath.cpp">
      <Filter>Utilities\3rd Party\MathGeoLib\src</Filter>
    </ClCompile>
    <ClCompile Include="MathGeoLib\Math\TransformOps.cpp">
      <Filter>Utilities\3rd Party\MathGeoLib\src</Filter>
    </ClCompile>
    <ClCompile Include="MathGeoLib\Time\Clock.cpp">
      <Filter>Utilities\3rd Party\MathGeoLib\src</Filter>
    </ClCompile>
    <ClCompile Include="MathGeoLib\Geometry\AABB.cpp">
      <Filter>Utilities\3rd Party\MathGeoLib\src</Filter>
    </ClCompile>
    <ClCompile Include="MathGeoLib\Geometry\Capsule.cpp">
      <Filter>Utilities\3rd Party\MathGeoLib\src</Filter>
    </ClCompile>
    <ClCompile Include="MathGeoLib\Geometry\Circle.cpp">
      <Filter>Utilities\3rd Party\MathGeoLib\src</Filter>
    </ClCompile>
    <ClCompile Include="MathGeoLib\Geometry\Frustum.cpp">
      <Filter>Utilities\3rd Party\MathGeoLib\src</Filter>
    </ClCompile>
    <ClCompile Include="MathGeoLib\Geometry\Line.cpp">
      <Filter>Utilities\3rd Party\MathGeoLib\src</Filter>
    </ClCompile>
    <ClCompile Include="MathGeoLib\Geometry\LineSegment.cpp">
      <Filter>Utilities\3rd Party\MathGeoLib\src</Filter>
    </ClCompile>
    <ClCompile Include="MathGeoLib\Geometry\OBB.cpp">
      <Filter>Utilities\3rd Party\MathGeoLib\src</Filter>
    </ClCompile>
    <ClCompile Include="MathGeoLib\Geometry\PBVolume.cpp">
      <Filter>Utilities\3rd Party\MathGeoLib\src</Filter>
    </ClCompile>
    <ClCompile Include="MathGeoLib\Geometry\Plane.cpp">
      <Filter>Utilities\3rd Party\MathGeoLib\src</Filter>
    </ClCompile>
    <ClCompile Include="MathGeoLib\Geometry\Polygon.cpp">
      <Filter>Utilities\3rd Party\MathGeoLib\src</Filter>
    </ClCompile>
    <ClCompile Include="MathGeoLib\Geometry\Polyhedron.cpp">
      <Filter>Utilities\3rd Party\MathGeoLib\src</Filter>
    </ClCompile>
    <ClCompile Include="MathGeoLib\Geometry\Ray.cpp">
      <Filter>Utilities\3rd Party\MathGeoLib\src</Filter>
    </ClCompile>
    <ClCompile Include="MathGeoLib\Geometry\Sphere.cpp">
      <Filter>Utilities\3rd Party\MathGeoLib\src</Filter>
    </ClCompile>
    <ClCompile Include="MathGeoLib\Geometry\Triangle.cpp">
      <Filter>Utilities\3rd Party\MathGeoLib\src</Filter>
    </ClCompile>
    <ClCompile Include="MathGeoLib\Geometry\TriangleMesh.cpp">
      <Filter>Utilities\3rd Party\MathGeoLib\src</Filter>
    </ClCompile>
    <ClCompile Include="MathGeoLib\Algorithm\GJK.cpp">
      <Filter>Utilities\3rd Party\MathGeoLib\src</Filter>
    </ClCompile>
    <ClCompile Include="MathGeoLib\Algorithm\Random\LCG.cpp">
      <Filter>Utilities\3rd Party\MathGeoLib\src</Filter>
    </ClCompile>
    <ClCompile Include="trEditor.cpp">
      <Filter>Core\Modules</Filter>
    </ClCompile>
    <ClCompile Include="Panel.cpp">
      <Filter>Core\Editor</Filter>
    </ClCompile>
    <ClCompile Include="trHardware.cpp">
      <Filter>Core\Modules</Filter>
    </ClCompile>
    <ClCompile Include="PanelAbout.cpp">
      <Filter>Core\Editor</Filter>
    </ClCompile>
    <ClCompile Include="PanelConfiguration.cpp">
      <Filter>Core\Editor</Filter>
    </ClCompile>
    <ClCompile Include="PanelConsole.cpp">
      <Filter>Core\Editor</Filter>
    </ClCompile>
    <ClCompile Include="mmgr\mmgr.cpp">
      <Filter>Utilities\3rd Party\mmgr</Filter>
    </ClCompile>
    <ClCompile Include="ParsonJson\parson.c">
      <Filter>Utilities\3rd Party\Parson</Filter>
    </ClCompile>
    <ClCompile Include="trPrimitives.cpp">
      <Filter>Utilities\Primitives</Filter>
    </ClCompile>
    <ClCompile Include="PArrow.cpp">
      <Filter>Utilities\Primitives</Filter>
    </ClCompile>
    <ClCompile Include="trFileLoader.cpp">
      <Filter>Core\Modules</Filter>
    </ClCompile>
    <ClCompile Include="glmath.cpp">
      <Filter>Utilities\3rd Party\TO_DELETE_GLMATH</Filter>
    </ClCompile>
    <ClCompile Include="trTextures.cpp">
      <Filter>Core\Modules</Filter>
    </ClCompile>
    <ClCompile Include="PGrid.cpp">
      <Filter>Utilities\Primitives</Filter>
    </ClCompile>
    <ClCompile Include="PanelInspector.cpp">
      <Filter>Core\Editor</Filter>
    </ClCompile>
    <ClCompile Include="PGizmo.cpp">
      <Filter>Utilities\Primitives</Filter>
    </ClCompile>
    <ClCompile Include="MeshImporter.cpp">
      <Filter>Core\Importers</Filter>
    </ClCompile>
    <ClCompile Include="GameObject.cpp">
      <Filter>Core\GameObject</Filter>
    </ClCompile>
    <ClCompile Include="Component.cpp">
      <Filter>Core\GameObject\Component</Filter>
    </ClCompile>
    <ClCompile Include="ComponentMaterial.cpp">
      <Filter>Core\GameObject\Component</Filter>
    </ClCompile>
    <ClCompile Include="ComponentMesh.cpp">
      <Filter>Core\GameObject\Component</Filter>
    </ClCompile>
    <ClCompile Include="ComponentTransform.cpp">
      <Filter>Core\GameObject\Component</Filter>
    </ClCompile>
  </ItemGroup>
  <ItemGroup>
    <ClInclude Include="trWindow.h">
      <Filter>Core\Modules</Filter>
    </ClInclude>
    <ClInclude Include="trInput.h">
      <Filter>Core\Modules</Filter>
    </ClInclude>
    <ClInclude Include="trDefs.h">
      <Filter>Utilities</Filter>
    </ClInclude>
    <ClInclude Include="trLog.h">
      <Filter>Utilities</Filter>
    </ClInclude>
    <ClInclude Include="trTimer.h">
      <Filter>Utilities\Tools</Filter>
    </ClInclude>
    <ClInclude Include="trPerfTimer.h">
      <Filter>Utilities\Tools</Filter>
    </ClInclude>
    <ClInclude Include="trModule.h">
      <Filter>Core</Filter>
    </ClInclude>
    <ClInclude Include="trApp.h">
      <Filter>Core</Filter>
    </ClInclude>
    <ClInclude Include="imconfig.h">
      <Filter>Utilities\3rd Party\ImGui</Filter>
    </ClInclude>
    <ClInclude Include="imgui.h">
      <Filter>Utilities\3rd Party\ImGui</Filter>
    </ClInclude>
    <ClInclude Include="imgui_internal.h">
      <Filter>Utilities\3rd Party\ImGui</Filter>
    </ClInclude>
    <ClInclude Include="imstb_rectpack.h">
      <Filter>Utilities\3rd Party\ImGui</Filter>
    </ClInclude>
    <ClInclude Include="imstb_textedit.h">
      <Filter>Utilities\3rd Party\ImGui</Filter>
    </ClInclude>
    <ClInclude Include="imstb_truetype.h">
      <Filter>Utilities\3rd Party\ImGui</Filter>
    </ClInclude>
    <ClInclude Include="trMainScene.h">
      <Filter>Core\Scenes</Filter>
    </ClInclude>
    <ClInclude Include="Light.h">
      <Filter>Utilities\Helpers</Filter>
    </ClInclude>
    <ClInclude Include="Color.h">
      <Filter>Utilities\Helpers</Filter>
    </ClInclude>
    <ClInclude Include="trRenderer3D.h">
      <Filter>Core\Modules</Filter>
    </ClInclude>
    <ClInclude Include="trCamera3D.h">
      <Filter>Core\Modules</Filter>
    </ClInclude>
    <ClInclude Include="imgui_impl_opengl2.h">
      <Filter>Utilities\3rd Party\ImGui</Filter>
    </ClInclude>
    <ClInclude Include="imgui_impl_sdl.h">
      <Filter>Utilities\3rd Party\ImGui</Filter>
    </ClInclude>
    <ClInclude Include="MathGeoLib\MathGeoLib.h">
      <Filter>Utilities\3rd Party\MathGeoLib</Filter>
    </ClInclude>
    <ClInclude Include="MathGeoLib\MathGeoLibFwd.h">
      <Filter>Utilities\3rd Party\MathGeoLib</Filter>
    </ClInclude>
    <ClInclude Include="MathGeoLib\MathBuildConfig.h">
      <Filter>Utilities\3rd Party\MathGeoLib</Filter>
    </ClInclude>
    <ClInclude Include="pcg\entropy.h">
      <Filter>Utilities\3rd Party\PCG</Filter>
    </ClInclude>
    <ClInclude Include="pcg\pcg_spinlock.h">
      <Filter>Utilities\3rd Party\PCG</Filter>
    </ClInclude>
    <ClInclude Include="pcg\pcg_variants.h">
      <Filter>Utilities\3rd Party\PCG</Filter>
    </ClInclude>
    <ClInclude Include="MathGeoLib\Math\assume.h">
      <Filter>Utilities\3rd Party\MathGeoLib\src</Filter>
    </ClInclude>
    <ClInclude Include="MathGeoLib\Math\BitOps.h">
      <Filter>Utilities\3rd Party\MathGeoLib\src</Filter>
    </ClInclude>
    <ClInclude Include="MathGeoLib\Math\Callstack.h">
      <Filter>Utilities\3rd Party\MathGeoLib\src</Filter>
    </ClInclude>
    <ClInclude Include="MathGeoLib\Math\FixedPoint.h">
      <Filter>Utilities\3rd Party\MathGeoLib\src</Filter>
    </ClInclude>
    <ClInclude Include="MathGeoLib\Math\float2.h">
      <Filter>Utilities\3rd Party\MathGeoLib\src</Filter>
    </ClInclude>
    <ClInclude Include="MathGeoLib\Math\float3.h">
      <Filter>Utilities\3rd Party\MathGeoLib\src</Filter>
    </ClInclude>
    <ClInclude Include="MathGeoLib\Math\float3x3.h">
      <Filter>Utilities\3rd Party\MathGeoLib\src</Filter>
    </ClInclude>
    <ClInclude Include="MathGeoLib\Math\float3x4.h">
      <Filter>Utilities\3rd Party\MathGeoLib\src</Filter>
    </ClInclude>
    <ClInclude Include="MathGeoLib\Math\float4.h">
      <Filter>Utilities\3rd Party\MathGeoLib\src</Filter>
    </ClInclude>
    <ClInclude Include="MathGeoLib\Math\float4_neon.h">
      <Filter>Utilities\3rd Party\MathGeoLib\src</Filter>
    </ClInclude>
    <ClInclude Include="MathGeoLib\Math\float4_sse.h">
      <Filter>Utilities\3rd Party\MathGeoLib\src</Filter>
    </ClInclude>
    <ClInclude Include="MathGeoLib\Math\float4d.h">
      <Filter>Utilities\3rd Party\MathGeoLib\src</Filter>
    </ClInclude>
    <ClInclude Include="MathGeoLib\Math\float4x4.h">
      <Filter>Utilities\3rd Party\MathGeoLib\src</Filter>
    </ClInclude>
    <ClInclude Include="MathGeoLib\Math\float4x4_neon.h">
      <Filter>Utilities\3rd Party\MathGeoLib\src</Filter>
    </ClInclude>
    <ClInclude Include="MathGeoLib\Math\float4x4_sse.h">
      <Filter>Utilities\3rd Party\MathGeoLib\src</Filter>
    </ClInclude>
    <ClInclude Include="MathGeoLib\Math\FloatCmp.h">
      <Filter>Utilities\3rd Party\MathGeoLib\src</Filter>
    </ClInclude>
    <ClInclude Include="MathGeoLib\Math\grisu3.h">
      <Filter>Utilities\3rd Party\MathGeoLib\src</Filter>
    </ClInclude>
    <ClInclude Include="MathGeoLib\Math\InclWindows.h">
      <Filter>Utilities\3rd Party\MathGeoLib\src</Filter>
    </ClInclude>
    <ClInclude Include="MathGeoLib\Math\MathAll.h">
      <Filter>Utilities\3rd Party\MathGeoLib\src</Filter>
    </ClInclude>
    <ClInclude Include="MathGeoLib\Math\MathConstants.h">
      <Filter>Utilities\3rd Party\MathGeoLib\src</Filter>
    </ClInclude>
    <ClInclude Include="MathGeoLib\Math\MathFunc.h">
      <Filter>Utilities\3rd Party\MathGeoLib\src</Filter>
    </ClInclude>
    <ClInclude Include="MathGeoLib\Math\MathLog.h">
      <Filter>Utilities\3rd Party\MathGeoLib\src</Filter>
    </ClInclude>
    <ClInclude Include="MathGeoLib\Math\MathNamespace.h">
      <Filter>Utilities\3rd Party\MathGeoLib\src</Filter>
    </ClInclude>
    <ClInclude Include="MathGeoLib\Math\MathTypes.h">
      <Filter>Utilities\3rd Party\MathGeoLib\src</Filter>
    </ClInclude>
    <ClInclude Include="MathGeoLib\Math\MatrixProxy.h">
      <Filter>Utilities\3rd Party\MathGeoLib\src</Filter>
    </ClInclude>
    <ClInclude Include="MathGeoLib\Math\MiniFloat.h">
      <Filter>Utilities\3rd Party\MathGeoLib\src</Filter>
    </ClInclude>
    <ClInclude Include="MathGeoLib\Math\myassert.h">
      <Filter>Utilities\3rd Party\MathGeoLib\src</Filter>
    </ClInclude>
    <ClInclude Include="MathGeoLib\Math\Polynomial.h">
      <Filter>Utilities\3rd Party\MathGeoLib\src</Filter>
    </ClInclude>
    <ClInclude Include="MathGeoLib\Math\Quat.h">
      <Filter>Utilities\3rd Party\MathGeoLib\src</Filter>
    </ClInclude>
    <ClInclude Include="MathGeoLib\Math\quat_simd.h">
      <Filter>Utilities\3rd Party\MathGeoLib\src</Filter>
    </ClInclude>
    <ClInclude Include="MathGeoLib\Math\Rect.h">
      <Filter>Utilities\3rd Party\MathGeoLib\src</Filter>
    </ClInclude>
    <ClInclude Include="MathGeoLib\Math\Reinterpret.h">
      <Filter>Utilities\3rd Party\MathGeoLib\src</Filter>
    </ClInclude>
    <ClInclude Include="MathGeoLib\Math\simd.h">
      <Filter>Utilities\3rd Party\MathGeoLib\src</Filter>
    </ClInclude>
    <ClInclude Include="MathGeoLib\Math\sse_mathfun.h">
      <Filter>Utilities\3rd Party\MathGeoLib\src</Filter>
    </ClInclude>
    <ClInclude Include="MathGeoLib\Math\SSEMath.h">
      <Filter>Utilities\3rd Party\MathGeoLib\src</Filter>
    </ClInclude>
    <ClInclude Include="MathGeoLib\Math\TransformOps.h">
      <Filter>Utilities\3rd Party\MathGeoLib\src</Filter>
    </ClInclude>
    <ClInclude Include="MathGeoLib\Time\Clock.h">
      <Filter>Utilities\3rd Party\MathGeoLib\src</Filter>
    </ClInclude>
    <ClInclude Include="MathGeoLib\Geometry\AABB.h">
      <Filter>Utilities\3rd Party\MathGeoLib\src</Filter>
    </ClInclude>
    <ClInclude Include="MathGeoLib\Geometry\AABB2D.h">
      <Filter>Utilities\3rd Party\MathGeoLib\src</Filter>
    </ClInclude>
    <ClInclude Include="MathGeoLib\Geometry\Capsule.h">
      <Filter>Utilities\3rd Party\MathGeoLib\src</Filter>
    </ClInclude>
    <ClInclude Include="MathGeoLib\Geometry\Circle.h">
      <Filter>Utilities\3rd Party\MathGeoLib\src</Filter>
    </ClInclude>
    <ClInclude Include="MathGeoLib\Geometry\Frustum.h">
      <Filter>Utilities\3rd Party\MathGeoLib\src</Filter>
    </ClInclude>
    <ClInclude Include="MathGeoLib\Geometry\GeometryAll.h">
      <Filter>Utilities\3rd Party\MathGeoLib\src</Filter>
    </ClInclude>
    <ClInclude Include="MathGeoLib\Geometry\GeomType.h">
      <Filter>Utilities\3rd Party\MathGeoLib\src</Filter>
    </ClInclude>
    <ClInclude Include="MathGeoLib\Geometry\HitInfo.h">
      <Filter>Utilities\3rd Party\MathGeoLib\src</Filter>
    </ClInclude>
    <ClInclude Include="MathGeoLib\Geometry\KDTree.h">
      <Filter>Utilities\3rd Party\MathGeoLib\src</Filter>
    </ClInclude>
    <ClInclude Include="MathGeoLib\Geometry\Line.h">
      <Filter>Utilities\3rd Party\MathGeoLib\src</Filter>
    </ClInclude>
    <ClInclude Include="MathGeoLib\Geometry\LineSegment.h">
      <Filter>Utilities\3rd Party\MathGeoLib\src</Filter>
    </ClInclude>
    <ClInclude Include="MathGeoLib\Geometry\OBB.h">
      <Filter>Utilities\3rd Party\MathGeoLib\src</Filter>
    </ClInclude>
    <ClInclude Include="MathGeoLib\Geometry\PBVolume.h">
      <Filter>Utilities\3rd Party\MathGeoLib\src</Filter>
    </ClInclude>
    <ClInclude Include="MathGeoLib\Geometry\Plane.h">
      <Filter>Utilities\3rd Party\MathGeoLib\src</Filter>
    </ClInclude>
    <ClInclude Include="MathGeoLib\Geometry\Polygon.h">
      <Filter>Utilities\3rd Party\MathGeoLib\src</Filter>
    </ClInclude>
    <ClInclude Include="MathGeoLib\Geometry\Polyhedron.h">
      <Filter>Utilities\3rd Party\MathGeoLib\src</Filter>
    </ClInclude>
    <ClInclude Include="MathGeoLib\Geometry\QuadTree.h">
      <Filter>Utilities\3rd Party\MathGeoLib\src</Filter>
    </ClInclude>
    <ClInclude Include="MathGeoLib\Geometry\Ray.h">
      <Filter>Utilities\3rd Party\MathGeoLib\src</Filter>
    </ClInclude>
    <ClInclude Include="MathGeoLib\Geometry\Sphere.h">
      <Filter>Utilities\3rd Party\MathGeoLib\src</Filter>
    </ClInclude>
    <ClInclude Include="MathGeoLib\Geometry\Triangle.h">
      <Filter>Utilities\3rd Party\MathGeoLib\src</Filter>
    </ClInclude>
    <ClInclude Include="MathGeoLib\Geometry\TriangleMesh.h">
      <Filter>Utilities\3rd Party\MathGeoLib\src</Filter>
    </ClInclude>
    <ClInclude Include="MathGeoLib\Algorithm\GJK.h">
      <Filter>Utilities\3rd Party\MathGeoLib\src</Filter>
    </ClInclude>
    <ClInclude Include="MathGeoLib\Algorithm\SAT.h">
      <Filter>Utilities\3rd Party\MathGeoLib\src</Filter>
    </ClInclude>
    <ClInclude Include="MathGeoLib\Algorithm\Random\LCG.h">
      <Filter>Utilities\3rd Party\MathGeoLib\src</Filter>
    </ClInclude>
    <ClInclude Include="trEditor.h">
      <Filter>Core\Modules</Filter>
    </ClInclude>
    <ClInclude Include="Panel.h">
      <Filter>Core\Editor</Filter>
    </ClInclude>
    <ClInclude Include="trHardware.h">
      <Filter>Core\Modules</Filter>
    </ClInclude>
    <ClInclude Include="PanelAbout.h">
      <Filter>Core\Editor</Filter>
    </ClInclude>
    <ClInclude Include="PanelConfiguration.h">
      <Filter>Core\Editor</Filter>
    </ClInclude>
    <ClInclude Include="PanelConsole.h">
      <Filter>Core\Editor</Filter>
    </ClInclude>
    <ClInclude Include="imgui_defs.h">
      <Filter>Utilities\3rd Party\ImGui</Filter>
    </ClInclude>
    <ClInclude Include="mmgr\mmgr.h">
      <Filter>Utilities\3rd Party\mmgr</Filter>
    </ClInclude>
    <ClInclude Include="mmgr\nommgr.h">
      <Filter>Utilities\3rd Party\mmgr</Filter>
    </ClInclude>
    <ClInclude Include="ParsonJson\parson.h">
      <Filter>Utilities\3rd Party\Parson</Filter>
    </ClInclude>
    <ClInclude Include="glew-2.1.0\include\GL\eglew.h">
      <Filter>Utilities\3rd Party\Glew</Filter>
    </ClInclude>
    <ClInclude Include="glew-2.1.0\include\GL\glew.h">
      <Filter>Utilities\3rd Party\Glew</Filter>
    </ClInclude>
    <ClInclude Include="glew-2.1.0\include\GL\glxew.h">
      <Filter>Utilities\3rd Party\Glew</Filter>
    </ClInclude>
    <ClInclude Include="glew-2.1.0\include\GL\wglew.h">
      <Filter>Utilities\3rd Party\Glew</Filter>
    </ClInclude>
    <ClInclude Include="trPrimitives.h">
      <Filter>Utilities\Primitives</Filter>
    </ClInclude>
    <ClInclude Include="PArrow.h">
      <Filter>Utilities\Primitives</Filter>
    </ClInclude>
    <ClInclude Include="Assimp\include\ai_assert.h">
      <Filter>Utilities\3rd Party\Assimp</Filter>
    </ClInclude>
    <ClInclude Include="Assimp\include\anim.h">
      <Filter>Utilities\3rd Party\Assimp</Filter>
    </ClInclude>
    <ClInclude Include="Assimp\include\camera.h">
      <Filter>Utilities\3rd Party\Assimp</Filter>
    </ClInclude>
    <ClInclude Include="Assimp\include\cexport.h">
      <Filter>Utilities\3rd Party\Assimp</Filter>
    </ClInclude>
    <ClInclude Include="Assimp\include\cfileio.h">
      <Filter>Utilities\3rd Party\Assimp</Filter>
    </ClInclude>
    <ClInclude Include="Assimp\include\cimport.h">
      <Filter>Utilities\3rd Party\Assimp</Filter>
    </ClInclude>
    <ClInclude Include="Assimp\include\color4.h">
      <Filter>Utilities\3rd Party\Assimp</Filter>
    </ClInclude>
    <ClInclude Include="Assimp\include\config.h">
      <Filter>Utilities\3rd Party\Assimp</Filter>
    </ClInclude>
    <ClInclude Include="Assimp\include\DefaultLogger.hpp">
      <Filter>Utilities\3rd Party\Assimp</Filter>
    </ClInclude>
    <ClInclude Include="Assimp\include\defs.h">
      <Filter>Utilities\3rd Party\Assimp</Filter>
    </ClInclude>
    <ClInclude Include="Assimp\include\Exporter.hpp">
      <Filter>Utilities\3rd Party\Assimp</Filter>
    </ClInclude>
    <ClInclude Include="Assimp\include\Importer.hpp">
      <Filter>Utilities\3rd Party\Assimp</Filter>
    </ClInclude>
    <ClInclude Include="Assimp\include\importerdesc.h">
      <Filter>Utilities\3rd Party\Assimp</Filter>
    </ClInclude>
    <ClInclude Include="Assimp\include\IOStream.hpp">
      <Filter>Utilities\3rd Party\Assimp</Filter>
    </ClInclude>
    <ClInclude Include="Assimp\include\IOSystem.hpp">
      <Filter>Utilities\3rd Party\Assimp</Filter>
    </ClInclude>
    <ClInclude Include="Assimp\include\light.h">
      <Filter>Utilities\3rd Party\Assimp</Filter>
    </ClInclude>
    <ClInclude Include="Assimp\include\Logger.hpp">
      <Filter>Utilities\3rd Party\Assimp</Filter>
    </ClInclude>
    <ClInclude Include="Assimp\include\LogStream.hpp">
      <Filter>Utilities\3rd Party\Assimp</Filter>
    </ClInclude>
    <ClInclude Include="Assimp\include\material.h">
      <Filter>Utilities\3rd Party\Assimp</Filter>
    </ClInclude>
    <ClInclude Include="Assimp\include\matrix3x3.h">
      <Filter>Utilities\3rd Party\Assimp</Filter>
    </ClInclude>
    <ClInclude Include="Assimp\include\matrix4x4.h">
      <Filter>Utilities\3rd Party\Assimp</Filter>
    </ClInclude>
    <ClInclude Include="Assimp\include\mesh.h">
      <Filter>Utilities\3rd Party\Assimp</Filter>
    </ClInclude>
    <ClInclude Include="Assimp\include\metadata.h">
      <Filter>Utilities\3rd Party\Assimp</Filter>
    </ClInclude>
    <ClInclude Include="Assimp\include\NullLogger.hpp">
      <Filter>Utilities\3rd Party\Assimp</Filter>
    </ClInclude>
    <ClInclude Include="Assimp\include\postprocess.h">
      <Filter>Utilities\3rd Party\Assimp</Filter>
    </ClInclude>
    <ClInclude Include="Assimp\include\ProgressHandler.hpp">
      <Filter>Utilities\3rd Party\Assimp</Filter>
    </ClInclude>
    <ClInclude Include="Assimp\include\quaternion.h">
      <Filter>Utilities\3rd Party\Assimp</Filter>
    </ClInclude>
    <ClInclude Include="Assimp\include\scene.h">
      <Filter>Utilities\3rd Party\Assimp</Filter>
    </ClInclude>
    <ClInclude Include="Assimp\include\texture.h">
      <Filter>Utilities\3rd Party\Assimp</Filter>
    </ClInclude>
    <ClInclude Include="Assimp\include\types.h">
      <Filter>Utilities\3rd Party\Assimp</Filter>
    </ClInclude>
    <ClInclude Include="Assimp\include\vector2.h">
      <Filter>Utilities\3rd Party\Assimp</Filter>
    </ClInclude>
    <ClInclude Include="Assimp\include\vector3.h">
      <Filter>Utilities\3rd Party\Assimp</Filter>
    </ClInclude>
    <ClInclude Include="Assimp\include\version.h">
      <Filter>Utilities\3rd Party\Assimp</Filter>
    </ClInclude>
    <ClInclude Include="trFileLoader.h">
      <Filter>Core\Modules</Filter>
    </ClInclude>
    <ClInclude Include="glmath.h">
      <Filter>Utilities\3rd Party\TO_DELETE_GLMATH</Filter>
    </ClInclude>
    <ClInclude Include="DevIL\include\il_wrap.h">
      <Filter>Utilities\3rd Party\DevIL</Filter>
    </ClInclude>
    <ClInclude Include="DevIL\include\ilu.h">
      <Filter>Utilities\3rd Party\DevIL</Filter>
    </ClInclude>
    <ClInclude Include="DevIL\include\ilu_region.h">
      <Filter>Utilities\3rd Party\DevIL</Filter>
    </ClInclude>
    <ClInclude Include="DevIL\include\ilut.h">
      <Filter>Utilities\3rd Party\DevIL</Filter>
    </ClInclude>
    <ClInclude Include="DevIL\include\ilut_config.h">
      <Filter>Utilities\3rd Party\DevIL</Filter>
    </ClInclude>
    <ClInclude Include="DevIL\include\devil_cpp_wrapper.hpp">
      <Filter>Utilities\3rd Party\DevIL</Filter>
    </ClInclude>
    <ClInclude Include="DevIL\include\devil_internal_exports.h">
      <Filter>Utilities\3rd Party\DevIL</Filter>
    </ClInclude>
    <ClInclude Include="DevIL\include\il.h">
      <Filter>Utilities\3rd Party\DevIL</Filter>
    </ClInclude>
    <ClInclude Include="trTextures.h">
      <Filter>Core\Modules</Filter>
    </ClInclude>
    <ClInclude Include="PGrid.h">
      <Filter>Utilities\Primitives</Filter>
    </ClInclude>
    <ClInclude Include="PanelInspector.h">
      <Filter>Core\Editor</Filter>
    </ClInclude>
    <ClInclude Include="PGizmo.h">
      <Filter>Utilities\Primitives</Filter>
    </ClInclude>
    <ClInclude Include="MeshImporter.h">
      <Filter>Core\Importers</Filter>
    </ClInclude>
    <ClInclude Include="trImporter.h">
      <Filter>Core\Importers</Filter>
    </ClInclude>
    <ClInclude Include="GameObject.h">
      <Filter>Core\GameObject</Filter>
    </ClInclude>
    <ClInclude Include="Component.h">
      <Filter>Core\GameObject\Component</Filter>
    </ClInclude>
    <ClInclude Include="ComponentMaterial.h">
      <Filter>Core\GameObject\Component</Filter>
    </ClInclude>
    <ClInclude Include="ComponentMesh.h">
      <Filter>Core\GameObject\Component</Filter>
    </ClInclude>
    <ClInclude Include="ComponentTransform.h">
      <Filter>Core\GameObject\Component</Filter>
    </ClInclude>
  </ItemGroup>
  <ItemGroup>
    <None Include="MathGeoLib\Math\float2.inl">
      <Filter>Utilities\3rd Party\MathGeoLib\src</Filter>
    </None>
    <None Include="MathGeoLib\Math\Matrix.inl">
      <Filter>Utilities\3rd Party\MathGeoLib\src</Filter>
    </None>
    <None Include="MathGeoLib\Geometry\KDTree.inl">
      <Filter>Utilities\3rd Party\MathGeoLib\src</Filter>
    </None>
    <None Include="MathGeoLib\Geometry\QuadTree.inl">
      <Filter>Utilities\3rd Party\MathGeoLib\src</Filter>
    </None>
    <None Include="MathGeoLib\Geometry\TriangleMesh_IntersectRay_AVX.inl">
      <Filter>Utilities\3rd Party\MathGeoLib\src</Filter>
    </None>
    <None Include="MathGeoLib\Geometry\TriangleMesh_IntersectRay_CPP.inl">
      <Filter>Utilities\3rd Party\MathGeoLib\src</Filter>
    </None>
    <None Include="MathGeoLib\Geometry\TriangleMesh_IntersectRay_SSE.inl">
      <Filter>Utilities\3rd Party\MathGeoLib\src</Filter>
    </None>
    <None Include="Assimp\include\color4.inl">
      <Filter>Utilities\3rd Party\Assimp</Filter>
    </None>
    <None Include="Assimp\include\material.inl">
      <Filter>Utilities\3rd Party\Assimp</Filter>
    </None>
    <None Include="Assimp\include\matrix3x3.inl">
      <Filter>Utilities\3rd Party\Assimp</Filter>
    </None>
    <None Include="Assimp\include\matrix4x4.inl">
      <Filter>Utilities\3rd Party\Assimp</Filter>
    </None>
    <None Include="Assimp\include\quaternion.inl">
      <Filter>Utilities\3rd Party\Assimp</Filter>
    </None>
    <None Include="Assimp\include\vector2.inl">
      <Filter>Utilities\3rd Party\Assimp</Filter>
    </None>
    <None Include="Assimp\include\vector3.inl">
      <Filter>Utilities\3rd Party\Assimp</Filter>
    </None>
    <None Include="DevIL\include\stamp-h.in">
      <Filter>Utilities\3rd Party\DevIL</Filter>
    </None>
    <None Include="DevIL\include\DevIL.i">
      <Filter>Utilities\3rd Party\DevIL</Filter>
    </None>
  </ItemGroup>
</Project>