<?xml version="1.0" encoding="utf-8"?>
<Project ToolsVersion="4.0" xmlns="http://schemas.microsoft.com/developer/msbuild/2003">
  <ItemGroup>
    <Filter Include="Core">
      <UniqueIdentifier>{cb944693-b9d0-484c-bad2-02d5a7cdbec6}</UniqueIdentifier>
    </Filter>
    <Filter Include="Utilities">
      <UniqueIdentifier>{a8bfab6a-5472-4969-943e-861a8b493f08}</UniqueIdentifier>
    </Filter>
    <Filter Include="Utilities\Tools">
      <UniqueIdentifier>{c7a1a7b4-76d6-43ab-9674-37db9359b093}</UniqueIdentifier>
    </Filter>
    <Filter Include="Utilities\Tools\PuguiXML">
      <UniqueIdentifier>{8611086a-dc86-4eab-a673-d0cc3fb5b88e}</UniqueIdentifier>
    </Filter>
    <Filter Include="Core\Modules">
      <UniqueIdentifier>{387e49b0-4fd7-45ab-83f7-33acd8e7ab85}</UniqueIdentifier>
    </Filter>
    <Filter Include="Core\Scenes">
      <UniqueIdentifier>{26109e64-80c0-4ee2-827e-1e9e22c6c347}</UniqueIdentifier>
    </Filter>
    <Filter Include="Utilities\ImGui">
      <UniqueIdentifier>{931477d6-91b7-4acd-a9a1-168702a5a13a}</UniqueIdentifier>
    </Filter>
    <Filter Include="Utilities\Helpers">
      <UniqueIdentifier>{709cc3d6-123e-49d7-8b14-988692c7e061}</UniqueIdentifier>
    </Filter>
    <Filter Include="Utilities\Containers">
      <UniqueIdentifier>{cb246ff4-cfff-41bc-a372-10a7bde0e327}</UniqueIdentifier>
    </Filter>
  </ItemGroup>
  <ItemGroup>
    <ClCompile Include="pugixml.cpp">
      <Filter>Utilities\Tools\PuguiXML</Filter>
    </ClCompile>
    <ClCompile Include="trWindow.cpp">
      <Filter>Core\Modules</Filter>
    </ClCompile>
    <ClCompile Include="trAudio.cpp">
      <Filter>Core\Modules</Filter>
    </ClCompile>
    <ClCompile Include="trInput.cpp">
      <Filter>Core\Modules</Filter>
    </ClCompile>
    <ClCompile Include="trTextures.cpp">
      <Filter>Core\Modules</Filter>
    </ClCompile>
    <ClCompile Include="trFadeToBlack.cpp">
      <Filter>Core\Modules</Filter>
    </ClCompile>
    <ClCompile Include="trLog.cpp">
      <Filter>Utilities</Filter>
    </ClCompile>
    <ClCompile Include="trTimer.cpp">
      <Filter>Utilities\Tools</Filter>
    </ClCompile>
    <ClCompile Include="trPerfTimer.cpp">
      <Filter>Utilities\Tools</Filter>
    </ClCompile>
    <ClCompile Include="trMain.cpp">
      <Filter>Core</Filter>
    </ClCompile>
    <ClCompile Include="trApp.cpp">
      <Filter>Core</Filter>
    </ClCompile>
    <ClCompile Include="imgui.cpp">
      <Filter>Utilities\ImGui</Filter>
    </ClCompile>
    <ClCompile Include="imgui_demo.cpp">
      <Filter>Utilities\ImGui</Filter>
    </ClCompile>
    <ClCompile Include="imgui_draw.cpp">
      <Filter>Utilities\ImGui</Filter>
    </ClCompile>
    <ClCompile Include="imgui_widgets.cpp">
      <Filter>Utilities\ImGui</Filter>
    </ClCompile>
    <ClCompile Include="trMainScene.cpp">
      <Filter>Core\Scenes</Filter>
    </ClCompile>
    <ClCompile Include="trPhysics3D.cpp">
      <Filter>Core\Modules</Filter>
    </ClCompile>
    <ClCompile Include="PhysBody3D.cpp">
      <Filter>Utilities\Helpers</Filter>
    </ClCompile>
    <ClCompile Include="Primitive.cpp">
      <Filter>Utilities\Helpers</Filter>
    </ClCompile>
    <ClCompile Include="Light.cpp">
      <Filter>Utilities\Helpers</Filter>
    </ClCompile>
    <ClCompile Include="glmath.cpp">
      <Filter>Utilities\Containers</Filter>
    </ClCompile>
    <ClCompile Include="Color.cpp">
      <Filter>Utilities\Helpers</Filter>
    </ClCompile>
    <ClCompile Include="trRenderer3D.cpp">
      <Filter>Core\Modules</Filter>
    </ClCompile>
    <ClCompile Include="trCamera3D.cpp">
      <Filter>Core\Modules</Filter>
    </ClCompile>
  </ItemGroup>
  <ItemGroup>
    <ClInclude Include="pugiconfig.hpp">
      <Filter>Utilities\Tools\PuguiXML</Filter>
    </ClInclude>
    <ClInclude Include="pugixml.hpp">
      <Filter>Utilities\Tools\PuguiXML</Filter>
    </ClInclude>
    <ClInclude Include="MemLeaks.h">
      <Filter>Core</Filter>
    </ClInclude>
    <ClInclude Include="trWindow.h">
      <Filter>Core\Modules</Filter>
    </ClInclude>
    <ClInclude Include="trAudio.h">
      <Filter>Core\Modules</Filter>
    </ClInclude>
    <ClInclude Include="trInput.h">
      <Filter>Core\Modules</Filter>
    </ClInclude>
    <ClInclude Include="trTextures.h">
      <Filter>Core\Modules</Filter>
    </ClInclude>
    <ClInclude Include="trFadeToBlack.h">
      <Filter>Core\Modules</Filter>
    </ClInclude>
    <ClInclude Include="trAnimation.h">
      <Filter>Utilities</Filter>
    </ClInclude>
    <ClInclude Include="trDefs.h">
      <Filter>Utilities</Filter>
    </ClInclude>
    <ClInclude Include="trLog.h">
      <Filter>Utilities</Filter>
    </ClInclude>
    <ClInclude Include="trPoint.h">
      <Filter>Utilities</Filter>
    </ClInclude>
    <ClInclude Include="trTimer.h">
      <Filter>Utilities\Tools</Filter>
    </ClInclude>
    <ClInclude Include="trPerfTimer.h">
      <Filter>Utilities\Tools</Filter>
    </ClInclude>
    <ClInclude Include="trModule.h">
      <Filter>Core</Filter>
    </ClInclude>
    <ClInclude Include="trApp.h">
      <Filter>Core</Filter>
    </ClInclude>
    <ClInclude Include="imconfig.h">
      <Filter>Utilities\ImGui</Filter>
    </ClInclude>
    <ClInclude Include="imgui.h">
      <Filter>Utilities\ImGui</Filter>
    </ClInclude>
    <ClInclude Include="imgui_internal.h">
      <Filter>Utilities\ImGui</Filter>
    </ClInclude>
    <ClInclude Include="imstb_rectpack.h">
      <Filter>Utilities\ImGui</Filter>
    </ClInclude>
    <ClInclude Include="imstb_textedit.h">
      <Filter>Utilities\ImGui</Filter>
    </ClInclude>
    <ClInclude Include="imstb_truetype.h">
      <Filter>Utilities\ImGui</Filter>
    </ClInclude>
    <ClInclude Include="trMainScene.h">
      <Filter>Core\Scenes</Filter>
    </ClInclude>
    <ClInclude Include="trPhysics3D.h">
      <Filter>Core\Modules</Filter>
    </ClInclude>
    <ClInclude Include="PhysBody3D.h">
      <Filter>Utilities\Helpers</Filter>
    </ClInclude>
    <ClInclude Include="Primitive.h">
      <Filter>Utilities\Helpers</Filter>
    </ClInclude>
    <ClInclude Include="Light.h">
      <Filter>Utilities\Helpers</Filter>
    </ClInclude>
    <ClInclude Include="glmath.h">
      <Filter>Utilities\Containers</Filter>
    </ClInclude>
    <ClInclude Include="Color.h">
      <Filter>Utilities\Helpers</Filter>
    </ClInclude>
    <ClInclude Include="Globals.h">
      <Filter>Utilities\Tools</Filter>
    </ClInclude>
    <ClInclude Include="trRenderer3D.h">
      <Filter>Core\Modules</Filter>
    </ClInclude>
    <ClInclude Include="trCamera3D.h">
      <Filter>Core\Modules</Filter>
    </ClInclude>
  </ItemGroup>
</Project>